<?xml version="1.0" encoding="utf-8"?>
<Project ToolsVersion="4.0" xmlns="http://schemas.microsoft.com/developer/msbuild/2003">
  <ItemGroup>
    <Filter Include="mark">
      <UniqueIdentifier>{ab2a71ea-6739-4ab7-be44-015af4b256b0}</UniqueIdentifier>
    </Filter>
    <Filter Include="source">
      <UniqueIdentifier>{4FC737F1-C7A5-4376-A066-2A32D752A2FF}</UniqueIdentifier>
      <Extensions>cpp;c;cc;cxx;def;odl;idl;hpj;bat;asm;asmx</Extensions>
    </Filter>
    <Filter Include="test 4th">
      <UniqueIdentifier>{445ca311-f324-44a3-bc9f-8e28c1222f44}</UniqueIdentifier>
    </Filter>
    <Filter Include="1152-1155">
      <UniqueIdentifier>{164ef919-b770-4434-a746-09a138d760bc}</UniqueIdentifier>
    </Filter>
    <Filter Include="1144-1147">
      <UniqueIdentifier>{30b27905-2712-4a2b-90ec-fb4d049cbec8}</UniqueIdentifier>
    </Filter>
    <Filter Include="Tree">
      <UniqueIdentifier>{742df4f3-8b31-4091-8362-ee75fb672709}</UniqueIdentifier>
    </Filter>
    <Filter Include="algorithms">
      <UniqueIdentifier>{3edc85be-0581-4294-a68e-2253ad52ab93}</UniqueIdentifier>
    </Filter>
    <Filter Include="1140-1143">
      <UniqueIdentifier>{3f7db5ca-aa07-4638-a933-0a44da2acb93}</UniqueIdentifier>
    </Filter>
    <Filter Include="1136-1139">
      <UniqueIdentifier>{c7bca62d-c9f2-4137-b758-8cc065d94c31}</UniqueIdentifier>
    </Filter>
    <Filter Include="1132-1135_forTest">
      <UniqueIdentifier>{a48cfc51-7d00-40e8-8511-735fc66bb153}</UniqueIdentifier>
    </Filter>
    <Filter Include="1128-1131">
      <UniqueIdentifier>{c6fa75c3-b163-4f57-8c6d-03b4cc82b965}</UniqueIdentifier>
    </Filter>
    <Filter Include="1124-1127">
      <UniqueIdentifier>{0c68a5e5-7b8a-4c0c-a4f6-e8066513da68}</UniqueIdentifier>
    </Filter>
  </ItemGroup>
  <ItemGroup>
    <ClCompile Include="1001 A+B Format.cpp">
      <Filter>source</Filter>
    </ClCompile>
    <ClCompile Include="1002 A+B for Polynomials.cpp">
      <Filter>source</Filter>
    </ClCompile>
    <ClCompile Include="1003 Emergency.cpp">
      <Filter>source</Filter>
    </ClCompile>
    <ClCompile Include="1006 Sign In and Sign Out.cpp">
      <Filter>source</Filter>
    </ClCompile>
    <ClCompile Include="1007 Maximum Subsequence Sum.cpp">
      <Filter>mark</Filter>
    </ClCompile>
    <ClCompile Include="1012 The Best Rank.cpp">
      <Filter>source</Filter>
    </ClCompile>
    <ClCompile Include="1011 World Cup Betting.cpp">
      <Filter>source</Filter>
    </ClCompile>
    <ClCompile Include="1013 Battle Over Cities.cpp">
      <Filter>test 4th</Filter>
    </ClCompile>
    <ClCompile Include="1014 Waiting in Line.cpp">
      <Filter>test 4th</Filter>
    </ClCompile>
    <ClCompile Include="1015 Reversible Primes.cpp">
      <Filter>test 4th</Filter>
    </ClCompile>
    <ClCompile Include="1154 Vertex Coloring.cpp">
      <Filter>1152-1155</Filter>
    </ClCompile>
    <ClCompile Include="1155 Heap Paths .cpp">
      <Filter>1152-1155</Filter>
    </ClCompile>
    <ClCompile Include="1144 The Missing Number.cpp">
      <Filter>1144-1147</Filter>
    </ClCompile>
    <ClCompile Include="1145 Hashing - Average Search Time.cpp">
      <Filter>1144-1147</Filter>
    </ClCompile>
    <ClCompile Include="1043 Is It a Binary Search Tree.cpp">
      <Filter>Tree</Filter>
    </ClCompile>
    <ClCompile Include="preOrder-inOrder-postOrder Transaction.cpp">
      <Filter>Tree</Filter>
    </ClCompile>
    <ClCompile Include="1115 Counting Nodes in a BST.cpp">
      <Filter>Tree</Filter>
    </ClCompile>
    <ClCompile Include="1127 ZigZagging on a Tree.cpp">
      <Filter>Tree</Filter>
    </ClCompile>
    <ClCompile Include="1123 Is It a Complete AVL Tree.cpp">
      <Filter>Tree</Filter>
    </ClCompile>
    <ClCompile Include="1138 Postorder Traversal.cpp">
      <Filter>Tree</Filter>
    </ClCompile>
    <ClCompile Include="1147 Heaps.cpp">
      <Filter>Tree</Filter>
    </ClCompile>
    <ClCompile Include="1110 Complete Binary Tree.cpp">
      <Filter>Tree</Filter>
    </ClCompile>
    <ClCompile Include="1130 Infix Expression.cpp">
      <Filter>Tree</Filter>
    </ClCompile>
    <ClCompile Include="1143 Lowest Common Ancestor .cpp">
      <Filter>Tree</Filter>
    </ClCompile>
    <ClCompile Include="1151 LCA in a Binary Tree.cpp">
      <Filter>Tree</Filter>
    </ClCompile>
    <ClCompile Include="1129 Recommendation System.cpp">
      <Filter>algorithms</Filter>
    </ClCompile>
    <ClCompile Include="1121 Damn Single.cpp">
      <Filter>algorithms</Filter>
    </ClCompile>
    <ClCompile Include="1022 Digital Library.cpp">
      <Filter>source</Filter>
    </ClCompile>
    <ClCompile Include="1140 Look-and-say Sequence.cpp">
      <Filter>1140-1143</Filter>
    </ClCompile>
    <ClCompile Include="1141 PAT Ranking of Institutions.cpp">
      <Filter>1140-1143</Filter>
    </ClCompile>
    <ClCompile Include="1142 Maximal Clique.cpp">
      <Filter>1140-1143</Filter>
    </ClCompile>
    <ClCompile Include="1136 A Delayed Palindrome.cpp">
      <Filter>1136-1139</Filter>
    </ClCompile>
    <ClCompile Include="1137 Final Grading.cpp">
      <Filter>1136-1139</Filter>
    </ClCompile>
    <ClCompile Include="1139 First Contact.cpp">
      <Filter>1136-1139</Filter>
    </ClCompile>
    <ClCompile Include="1132 Cut Integer.cpp">
      <Filter>1132-1135_forTest</Filter>
    </ClCompile>
    <ClCompile Include="1133 Splitting A Linked List.cpp">
      <Filter>1132-1135_forTest</Filter>
    </ClCompile>
    <ClCompile Include="1134 Vertex Cover.cpp">
      <Filter>1132-1135_forTest</Filter>
    </ClCompile>
    <ClCompile Include="1135 Is It A Red-Black Tree.cpp">
      <Filter>1132-1135_forTest</Filter>
    </ClCompile>
    <ClCompile Include="1128 N Queens Puzzle.cpp">
      <Filter>1128-1131</Filter>
    </ClCompile>
    <ClCompile Include="1131 Subway Map .cpp">
      <Filter>1128-1131</Filter>
    </ClCompile>
    <ClCompile Include="1124 Raffle for Weibo Followers.cpp">
      <Filter>1124-1127</Filter>
    </ClCompile>
    <ClCompile Include="1125 Chain the Ropes.cpp">
      <Filter>1124-1127</Filter>
    </ClCompile>
    <ClCompile Include="1126 Eulerian Path.cpp">
      <Filter>1124-1127</Filter>
    </ClCompile>
    <ClCompile Include="1086 Tree Traversals Again.cpp">
      <Filter>source</Filter>
    </ClCompile>
    <ClCompile Include="1045 Favorite Color Stripe.cpp">
      <Filter>mark</Filter>
    </ClCompile>
  </ItemGroup>
</Project>